<Solution>
  <Folder Name="/assets/">
    <Project Path="assets/Portway.Artifact/Portway.Artifact.esproj">
      <Build />
      <Deploy />
    </Project>
    <Project Path="assets/Portway.Document/Portway.Document.esproj" Id="17f3cde8-a410-4fb1-9dda-642847435758">
      <Build />
    </Project>
  </Folder>
  <Folder Name="/src/">
    <Project Path="src/Portway.Cli/Portway.Cli.csproj" />
    <Project Path="src/Portway.Core/Portway.Core.csproj" />
    <Project Path="src/Portway.Desktop/Portway.Desktop.csproj" />
    <Project Path="src/Portway.Server/Portway.Server.csproj" />
  </Folder>
  <Folder Name="/tests/">
    <Project Path="tests/Portway.Tests/Portway.Tests.csproj" />
  </Folder>
  <Folder Name="/솔루션 항목/">
    <File Path=".dockerignore" />
    <File Path=".editorconfig" />
    <File Path=".gitattributes" />
    <File Path=".gitignore" />
    <File Path=".prettierignore" />
    <File Path=".prettierrc.json" />
    <File Path="AGENTS.md" />
    <File Path="compose.production.yaml" />
    <File Path="compose.yaml" />
    <File Path="Directory.Build.props" />
    <File Path="Dockerfile" />
    <File Path="dotnet-tools.json" />
    <File Path="global.json" />
    <File Path="README.md" />
    <File Path="THIRD-PARTY-NOTICES.md" />
  </Folder>
</Solution>
